{
	"name": "switchable-i18n",
	"lockfileVersion": 2,
	"requires": true,
	"packages": {
		"": {
			"dependencies": {
				"i18next": "^22.0.6"
			},
			"devDependencies": {
				"@types/node": "^18.11.9"
			}
		},
		"node_modules/@babel/runtime": {
			"version": "7.20.1",
			"resolved": "https://registry.npmjs.org/@babel/runtime/-/runtime-7.20.1.tgz",
			"integrity": "sha512-mrzLkl6U9YLF8qpqI7TB82PESyEGjm/0Ly91jG575eVxMMlb8fYfOXFZIJ8XfLrJZQbm7dlKry2bJmXBUEkdFg==",
			"dependencies": {
				"regenerator-runtime": "^0.13.10"
			},
			"engines": {
				"node": ">=6.9.0"
			}
		},
		"node_modules/@types/node": {
			"version": "18.11.9",
			"resolved": "https://registry.npmjs.org/@types/node/-/node-18.11.9.tgz",
			"integrity": "sha512-CRpX21/kGdzjOpFsZSkcrXMGIBWMGNIHXXBVFSH+ggkftxg+XYP20TESbh+zFvFj3EQOl5byk0HTRn1IL6hbqg==",
			"dev": true
		},
		"node_modules/i18next": {
			"version": "22.0.6",
			"resolved": "https://registry.npmjs.org/i18next/-/i18next-22.0.6.tgz",
			"integrity": "sha512-RlreNGoPIdDP4QG+qSA9PxZKGwlzmcozbI9ObI6+OyUa/Rp0EjZZA9ubyBjw887zVNZsC+7FI3sXX8oiTzAfig==",
			"funding": [
				{
					"type": "individual",
					"url": "https://locize.com"
				},
				{
					"type": "individual",
					"url": "https://locize.com/i18next.html"
				},
				{
					"type": "individual",
					"url": "https://www.i18next.com/how-to/faq#i18next-is-awesome.-how-can-i-support-the-project"
				}
			],
			"dependencies": {
				"@babel/runtime": "^7.17.2"
			}
		},
		"node_modules/regenerator-runtime": {
			"version": "0.13.11",
			"resolved": "https://registry.npmjs.org/regenerator-runtime/-/regenerator-runtime-0.13.11.tgz",
			"integrity": "sha512-kY1AZVr2Ra+t+piVaJ4gxaFaReZVH40AKNo7UCX6W+dEwBo/2oZJzqfuN1qLq1oL45o56cPaTXELwrTh8Fpggg=="
		}
	},
	"dependencies": {
		"@babel/runtime": {
			"version": "7.20.1",
			"resolved": "https://registry.npmjs.org/@babel/runtime/-/runtime-7.20.1.tgz",
			"integrity": "sha512-mrzLkl6U9YLF8qpqI7TB82PESyEGjm/0Ly91jG575eVxMMlb8fYfOXFZIJ8XfLrJZQbm7dlKry2bJmXBUEkdFg==",
			"requires": {
				"regenerator-runtime": "^0.13.10"
			}
		},
		"@types/node": {
			"version": "18.11.9",
			"resolved": "https://registry.npmjs.org/@types/node/-/node-18.11.9.tgz",
			"integrity": "sha512-CRpX21/kGdzjOpFsZSkcrXMGIBWMGNIHXXBVFSH+ggkftxg+XYP20TESbh+zFvFj3EQOl5byk0HTRn1IL6hbqg==",
			"dev": true
		},
		"i18next": {
			"version": "22.0.6",
			"resolved": "https://registry.npmjs.org/i18next/-/i18next-22.0.6.tgz",
			"integrity": "sha512-RlreNGoPIdDP4QG+qSA9PxZKGwlzmcozbI9ObI6+OyUa/Rp0EjZZA9ubyBjw887zVNZsC+7FI3sXX8oiTzAfig==",
			"requires": {
				"@babel/runtime": "^7.17.2"
			}
		},
		"regenerator-runtime": {
			"version": "0.13.11",
			"resolved": "https://registry.npmjs.org/regenerator-runtime/-/regenerator-runtime-0.13.11.tgz",
			"integrity": "sha512-kY1AZVr2Ra+t+piVaJ4gxaFaReZVH40AKNo7UCX6W+dEwBo/2oZJzqfuN1qLq1oL45o56cPaTXELwrTh8Fpggg=="
		}
	}
}
